{
  "name": "golfapp",
  "version": "1.0.0",
  "lockfileVersion": 3,
  "requires": true,
  "packages": {
    "": {
      "name": "golfapp",
      "version": "1.0.0",
      "license": "ISC",
      "dependencies": {
        "@capacitor/android": "^8.0.1"
      }
    },
    "node_modules/@capacitor/android": {
      "version": "8.0.1",
      "resolved": "https://registry.npmjs.org/@capacitor/android/-/android-8.0.1.tgz",
      "integrity": "sha512-Mrk2MFKSg9YA4BPLKm03wwFnGKcvzNBERUTcxjW1NkLrF6YhJwygAT69f/YGopFvOhhqdnDPsuZuASUfmpkSpw==",
      "license": "MIT",
      "peerDependencies": {
        "@capacitor/core": "^8.0.0"
      }
    },
    "node_modules/@capacitor/core": {
      "version": "8.0.1",
      "resolved": "https://registry.npmjs.org/@capacitor/core/-/core-8.0.1.tgz",
      "integrity": "sha512-5UqSWxGMp/B8KhYu7rAijqNtYslhcLh+TrbfU48PfdMDsPfaU/VY48sMNzC22xL8BmoFoql/3SKyP+pavTOvOA==",
      "license": "MIT",
      "peer": true,
      "dependencies": {
        "tslib": "^2.1.0"
      }
    },
    "node_modules/tslib": {
      "version": "2.8.1",
      "resolved": "https://registry.npmjs.org/tslib/-/tslib-2.8.1.tgz",
      "integrity": "sha512-oJFu94HQb+KVduSUQL7wnpmqnfmLsOA/nAh6b6EH0wCEoK0/mPeXU6c3wKDV83MkOuHPRHtSXKKU99IBazS/2w==",
      "license": "0BSD"
    }
  }
}
